
Microsoft Visual Studio Solution File, Format Version 11.00
# Visual Studio 2010
Project("{FAE04EC0-301F-11D3-BF4B-00C04F79EFBC}") = "Assembly-CSharp", "Assembly-CSharp.csproj", "{9EBD806E-FF5C-AA19-A22E-7F4508FD0110}"
EndProject
Project("{FAE04EC0-301F-11D3-BF4B-00C04F79EFBC}") = "GoogleMobileAds", "GoogleMobileAds.csproj", "{A0DFDACE-CDB4-DC35-C75D-E43A184BD557}"
EndProject
Project("{FAE04EC0-301F-11D3-BF4B-00C04F79EFBC}") = "GoogleMobileAds.Editor", "GoogleMobileAds.Editor.csproj", "{05C09AC3-E3FC-ED97-D9F1-BBB66EAFA3C5}"
EndProject
Project("{FAE04EC0-301F-11D3-BF4B-00C04F79EFBC}") = "Assembly-CSharp-Editor", "Assembly-CSharp-Editor.csproj", "{88F71AAF-AB6E-817A-1A64-A275ECD0C88B}"
EndProject
Global
	GlobalSection(SolutionConfigurationPlatforms) = preSolution
		Debug|Any CPU = Debug|Any CPU
		Release|Any CPU = Release|Any CPU
	EndGlobalSection
	GlobalSection(ProjectConfigurationPlatforms) = postSolution
		{9EBD806E-FF5C-AA19-A22E-7F4508FD0110}.Debug|Any CPU.ActiveCfg = Debug|Any CPU
		{9EBD806E-FF5C-AA19-A22E-7F4508FD0110}.Debug|Any CPU.Build.0 = Debug|Any CPU
		{9EBD806E-FF5C-AA19-A22E-7F4508FD0110}.Release|Any CPU.ActiveCfg = Release|Any CPU
		{9EBD806E-FF5C-AA19-A22E-7F4508FD0110}.Release|Any CPU.Build.0 = Release|Any CPU
		{A0DFDACE-CDB4-DC35-C75D-E43A184BD557}.Debug|Any CPU.ActiveCfg = Debug|Any CPU
		{A0DFDACE-CDB4-DC35-C75D-E43A184BD557}.Debug|Any CPU.Build.0 = Debug|Any CPU
		{A0DFDACE-CDB4-DC35-C75D-E43A184BD557}.Release|Any CPU.ActiveCfg = Release|Any CPU
		{A0DFDACE-CDB4-DC35-C75D-E43A184BD557}.Release|Any CPU.Build.0 = Release|Any CPU
		{05C09AC3-E3FC-ED97-D9F1-BBB66EAFA3C5}.Debug|Any CPU.ActiveCfg = Debug|Any CPU
		{05C09AC3-E3FC-ED97-D9F1-BBB66EAFA3C5}.Debug|Any CPU.Build.0 = Debug|Any CPU
		{05C09AC3-E3FC-ED97-D9F1-BBB66EAFA3C5}.Release|Any CPU.ActiveCfg = Release|Any CPU
		{05C09AC3-E3FC-ED97-D9F1-BBB66EAFA3C5}.Release|Any CPU.Build.0 = Release|Any CPU
		{88F71AAF-AB6E-817A-1A64-A275ECD0C88B}.Debug|Any CPU.ActiveCfg = Debug|Any CPU
		{88F71AAF-AB6E-817A-1A64-A275ECD0C88B}.Debug|Any CPU.Build.0 = Debug|Any CPU
		{88F71AAF-AB6E-817A-1A64-A275ECD0C88B}.Release|Any CPU.ActiveCfg = Release|Any CPU
		{88F71AAF-AB6E-817A-1A64-A275ECD0C88B}.Release|Any CPU.Build.0 = Release|Any CPU
	EndGlobalSection
	GlobalSection(SolutionProperties) = preSolution
		HideSolutionNode = FALSE
	EndGlobalSection
EndGlobal
